PODS:
  - SDWebImage (4.4.0):
    - SDWebImage/Core (= 4.4.0)
  - SDWebImage/Core (4.4.0)

DEPENDENCIES:
  - SDWebImage (~> 4.0)

SPEC REPOS:
  https://github.com/cocoapods/specs.git:
    - SDWebImage

SPEC CHECKSUMS:
  SDWebImage: b534502786e43dde36dfcaee89356fe6df30e203

PODFILE CHECKSUM: 39604d4c8dc174a27fc205500629a34b38afa30e

COCOAPODS: 1.5.3
